<?xml version="1.0" encoding="utf-8"?>
<Project ToolsVersion="4.0" xmlns="http://schemas.microsoft.com/developer/msbuild/2003">
  <ItemGroup>
    <Filter Include="Source Files">
      <UniqueIdentifier>{4FC737F1-C7A5-4376-A066-2A32D752A2FF}</UniqueIdentifier>
      <Extensions>cpp;c;cc;cxx;def;odl;idl;hpj;bat;asm;asmx</Extensions>
    </Filter>
    <Filter Include="Header Files">
      <UniqueIdentifier>{93995380-89BD-4b04-88EB-625FBE52EBFB}</UniqueIdentifier>
      <Extensions>h;hpp;hxx;hm;inl;inc;xsd</Extensions>
    </Filter>
    <Filter Include="Resource Files">
      <UniqueIdentifier>{67DA6AB6-F800-4c08-8B7A-83BB121AAD01}</UniqueIdentifier>
      <Extensions>rc;ico;cur;bmp;dlg;rc2;rct;bin;rgs;gif;jpg;jpeg;jpe;resx;tiff;tif;png;wav;mfcribbon-ms</Extensions>
    </Filter>
    <Filter Include="Driver Files">
      <UniqueIdentifier>{8E41214B-6785-4CFE-B992-037D68949A14}</UniqueIdentifier>
      <Extensions>inf;inv;inx;mof;mc;</Extensions>
    </Filter>
    <Filter Include="Header Files\include">
      <UniqueIdentifier>{f33155db-8d54-4f39-b68b-5857cda3e6d8}</UniqueIdentifier>
    </Filter>
    <Filter Include="Header Files\wm">
      <UniqueIdentifier>{2c74507e-4819-4bde-a194-414a83dddcd0}</UniqueIdentifier>
    </Filter>
    <Filter Include="Source Files\wm">
      <UniqueIdentifier>{173ef0bb-3d98-456b-baca-b55ff5f77b83}</UniqueIdentifier>
    </Filter>
    <Filter Include="Header Files\include\km">
      <UniqueIdentifier>{b1001ad2-d4a6-4d6f-a942-7a17e55f73a0}</UniqueIdentifier>
    </Filter>
    <Filter Include="Header Files\include\um">
      <UniqueIdentifier>{a89187a9-5f46-49c7-88b5-37e73f3b84b3}</UniqueIdentifier>
    </Filter>
    <Filter Include="Header Files\include\km\wm">
      <UniqueIdentifier>{767583f5-c42e-4366-b315-039f47c68e50}</UniqueIdentifier>
    </Filter>
    <Filter Include="Header Files\include\um\wm">
      <UniqueIdentifier>{6171c27d-7690-4030-b302-94c48eaa15df}</UniqueIdentifier>
    </Filter>
  </ItemGroup>
  <ItemGroup>
    <Inf Include="lxssex.WM.inf">
      <Filter>Driver Files</Filter>
    </Inf>
  </ItemGroup>
  <ItemGroup>
    <ClCompile Include="wm\lxssex.WindowManager.Linux.cpp">
      <Filter>Source Files\wm</Filter>
    </ClCompile>
    <ClCompile Include="wm\lxssex.WindowManager.Windows.cpp">
      <Filter>Source Files\wm</Filter>
    </ClCompile>
    <ClCompile Include="driverentry.cpp">
      <Filter>Source Files</Filter>
    </ClCompile>
    <ClCompile Include="wm\lxssex.WindowManager.Shared.cpp">
      <Filter>Source Files\wm</Filter>
    </ClCompile>
  </ItemGroup>
  <ItemGroup>
    <ClInclude Include="wm\lxssex.WindowManager.Shared.hpp">
      <Filter>Header Files\wm</Filter>
    </ClInclude>
    <ClInclude Include="wm\lxssex.WindowManager.Linux.hpp">
      <Filter>Header Files\wm</Filter>
    </ClInclude>
    <ClInclude Include="wm\lxssex.WindowManager.Windows.hpp">
      <Filter>Header Files\wm</Filter>
    </ClInclude>
    <ClInclude Include="include\km\wm\lxssex.WindowManager.h">
      <Filter>Header Files\include\km\wm</Filter>
    </ClInclude>
    <ClInclude Include="include\um\wm\lxssex.WindowManager.Shared.h">
      <Filter>Header Files\include\um\wm</Filter>
    </ClInclude>
    <ClInclude Include="include\um\wm\lxssex.WindowManager.Windows.h">
      <Filter>Header Files\include\um\wm</Filter>
    </ClInclude>
  </ItemGroup>
  <ItemGroup>
    <None Include="lxssex.WMAccessCapability.sccd">
      <Filter>Driver Files</Filter>
    </None>
  </ItemGroup>
</Project>