
Microsoft Visual Studio Solution File, Format Version 12.00
# Visual Studio Version 16
VisualStudioVersion = 16.0.29709.97
MinimumVisualStudioVersion = 10.0.40219.1
Project("{8BC9CEB8-8B4A-11D0-8D11-00A0C91BC942}") = "lxssex", "lxssex\lxssex.vcxproj", "{603A7DD6-9184-48EF-AC84-356184FFFDB0}"
EndProject
Project("{8BC9CEB8-8B4A-11D0-8D11-00A0C91BC942}") = "ak", "ak\ak.vcxproj", "{D7D94746-C7FE-4B8F-B55F-FF215E6C79C6}"
EndProject
Project("{2150E333-8FDC-42A3-9474-1A3956D46DE8}") = "deps", "deps", "{FBF1A64E-55F9-4919-AC8C-BB2ABAE80243}"
EndProject
Project("{8BC9CEB8-8B4A-11D0-8D11-00A0C91BC942}") = "lxcore", "lxcore_stub\lxcore_stub.vcxproj", "{B22803EE-C4B6-4F9A-B31B-8FD896BD6EB9}"
EndProject
Project("{2150E333-8FDC-42A3-9474-1A3956D46DE8}") = "GLES", "GLES", "{EFF1F44F-A102-4853-B8EC-1E9BB7629AA4}"
EndProject
Project("{FAE04EC0-301F-11D3-BF4B-00C04F79EFBC}") = "libEGL.Shared", "libEGL.Shared\libEGL.Shared.csproj", "{EC548274-5A28-4FEE-804A-5DC7D3C177F3}"
EndProject
Project("{FAE04EC0-301F-11D3-BF4B-00C04F79EFBC}") = "libEGL.Linux", "libEGL.Linux\libEGL.Linux.csproj", "{8C481896-4E79-4C40-9087-D8D1F5C69198}"
EndProject
Project("{FAE04EC0-301F-11D3-BF4B-00C04F79EFBC}") = "libEGL.Windows", "libEGL.Windows\libEGL.Windows.csproj", "{33DB18DF-0DE4-4F53-AAE0-9CAF63FB6F82}"
EndProject
Global
	GlobalSection(SolutionConfigurationPlatforms) = preSolution
		Debug|Any CPU = Debug|Any CPU
		Debug|ARM = Debug|ARM
		Debug|ARM64 = Debug|ARM64
		Debug|x64 = Debug|x64
		Debug|x86 = Debug|x86
		Release|Any CPU = Release|Any CPU
		Release|ARM = Release|ARM
		Release|ARM64 = Release|ARM64
		Release|x64 = Release|x64
		Release|x86 = Release|x86
	EndGlobalSection
	GlobalSection(ProjectConfigurationPlatforms) = postSolution
		{603A7DD6-9184-48EF-AC84-356184FFFDB0}.Debug|Any CPU.ActiveCfg = Debug|Win32
		{603A7DD6-9184-48EF-AC84-356184FFFDB0}.Debug|ARM.ActiveCfg = Debug|ARM
		{603A7DD6-9184-48EF-AC84-356184FFFDB0}.Debug|ARM.Build.0 = Debug|ARM
		{603A7DD6-9184-48EF-AC84-356184FFFDB0}.Debug|ARM.Deploy.0 = Debug|ARM
		{603A7DD6-9184-48EF-AC84-356184FFFDB0}.Debug|ARM64.ActiveCfg = Debug|ARM64
		{603A7DD6-9184-48EF-AC84-356184FFFDB0}.Debug|ARM64.Build.0 = Debug|ARM64
		{603A7DD6-9184-48EF-AC84-356184FFFDB0}.Debug|ARM64.Deploy.0 = Debug|ARM64
		{603A7DD6-9184-48EF-AC84-356184FFFDB0}.Debug|x64.ActiveCfg = Debug|x64
		{603A7DD6-9184-48EF-AC84-356184FFFDB0}.Debug|x64.Build.0 = Debug|x64
		{603A7DD6-9184-48EF-AC84-356184FFFDB0}.Debug|x64.Deploy.0 = Debug|x64
		{603A7DD6-9184-48EF-AC84-356184FFFDB0}.Debug|x86.ActiveCfg = Debug|Win32
		{603A7DD6-9184-48EF-AC84-356184FFFDB0}.Debug|x86.Build.0 = Debug|Win32
		{603A7DD6-9184-48EF-AC84-356184FFFDB0}.Debug|x86.Deploy.0 = Debug|Win32
		{603A7DD6-9184-48EF-AC84-356184FFFDB0}.Release|Any CPU.ActiveCfg = Release|Win32
		{603A7DD6-9184-48EF-AC84-356184FFFDB0}.Release|ARM.ActiveCfg = Release|ARM
		{603A7DD6-9184-48EF-AC84-356184FFFDB0}.Release|ARM.Build.0 = Release|ARM
		{603A7DD6-9184-48EF-AC84-356184FFFDB0}.Release|ARM.Deploy.0 = Release|ARM
		{603A7DD6-9184-48EF-AC84-356184FFFDB0}.Release|ARM64.ActiveCfg = Release|ARM64
		{603A7DD6-9184-48EF-AC84-356184FFFDB0}.Release|ARM64.Build.0 = Release|ARM64
		{603A7DD6-9184-48EF-AC84-356184FFFDB0}.Release|ARM64.Deploy.0 = Release|ARM64
		{603A7DD6-9184-48EF-AC84-356184FFFDB0}.Release|x64.ActiveCfg = Release|x64
		{603A7DD6-9184-48EF-AC84-356184FFFDB0}.Release|x64.Build.0 = Release|x64
		{603A7DD6-9184-48EF-AC84-356184FFFDB0}.Release|x64.Deploy.0 = Release|x64
		{603A7DD6-9184-48EF-AC84-356184FFFDB0}.Release|x86.ActiveCfg = Release|Win32
		{603A7DD6-9184-48EF-AC84-356184FFFDB0}.Release|x86.Build.0 = Release|Win32
		{603A7DD6-9184-48EF-AC84-356184FFFDB0}.Release|x86.Deploy.0 = Release|Win32
		{D7D94746-C7FE-4B8F-B55F-FF215E6C79C6}.Debug|Any CPU.ActiveCfg = Debug|x86
		{D7D94746-C7FE-4B8F-B55F-FF215E6C79C6}.Debug|ARM.ActiveCfg = Debug|ARM
		{D7D94746-C7FE-4B8F-B55F-FF215E6C79C6}.Debug|ARM.Build.0 = Debug|ARM
		{D7D94746-C7FE-4B8F-B55F-FF215E6C79C6}.Debug|ARM.Deploy.0 = Debug|ARM
		{D7D94746-C7FE-4B8F-B55F-FF215E6C79C6}.Debug|ARM64.ActiveCfg = Debug|ARM64
		{D7D94746-C7FE-4B8F-B55F-FF215E6C79C6}.Debug|ARM64.Build.0 = Debug|ARM64
		{D7D94746-C7FE-4B8F-B55F-FF215E6C79C6}.Debug|ARM64.Deploy.0 = Debug|ARM64
		{D7D94746-C7FE-4B8F-B55F-FF215E6C79C6}.Debug|x64.ActiveCfg = Debug|x64
		{D7D94746-C7FE-4B8F-B55F-FF215E6C79C6}.Debug|x64.Build.0 = Debug|x64
		{D7D94746-C7FE-4B8F-B55F-FF215E6C79C6}.Debug|x64.Deploy.0 = Debug|x64
		{D7D94746-C7FE-4B8F-B55F-FF215E6C79C6}.Debug|x86.ActiveCfg = Debug|x86
		{D7D94746-C7FE-4B8F-B55F-FF215E6C79C6}.Debug|x86.Build.0 = Debug|x86
		{D7D94746-C7FE-4B8F-B55F-FF215E6C79C6}.Debug|x86.Deploy.0 = Debug|x86
		{D7D94746-C7FE-4B8F-B55F-FF215E6C79C6}.Release|Any CPU.ActiveCfg = Release|x86
		{D7D94746-C7FE-4B8F-B55F-FF215E6C79C6}.Release|ARM.ActiveCfg = Release|ARM
		{D7D94746-C7FE-4B8F-B55F-FF215E6C79C6}.Release|ARM.Build.0 = Release|ARM
		{D7D94746-C7FE-4B8F-B55F-FF215E6C79C6}.Release|ARM.Deploy.0 = Release|ARM
		{D7D94746-C7FE-4B8F-B55F-FF215E6C79C6}.Release|ARM64.ActiveCfg = Release|ARM64
		{D7D94746-C7FE-4B8F-B55F-FF215E6C79C6}.Release|ARM64.Build.0 = Release|ARM64
		{D7D94746-C7FE-4B8F-B55F-FF215E6C79C6}.Release|ARM64.Deploy.0 = Release|ARM64
		{D7D94746-C7FE-4B8F-B55F-FF215E6C79C6}.Release|x64.ActiveCfg = Release|x64
		{D7D94746-C7FE-4B8F-B55F-FF215E6C79C6}.Release|x64.Build.0 = Release|x64
		{D7D94746-C7FE-4B8F-B55F-FF215E6C79C6}.Release|x64.Deploy.0 = Release|x64
		{D7D94746-C7FE-4B8F-B55F-FF215E6C79C6}.Release|x86.ActiveCfg = Release|x86
		{D7D94746-C7FE-4B8F-B55F-FF215E6C79C6}.Release|x86.Build.0 = Release|x86
		{D7D94746-C7FE-4B8F-B55F-FF215E6C79C6}.Release|x86.Deploy.0 = Release|x86
		{B22803EE-C4B6-4F9A-B31B-8FD896BD6EB9}.Debug|Any CPU.ActiveCfg = Debug|Win32
		{B22803EE-C4B6-4F9A-B31B-8FD896BD6EB9}.Debug|ARM.ActiveCfg = Debug|ARM
		{B22803EE-C4B6-4F9A-B31B-8FD896BD6EB9}.Debug|ARM.Build.0 = Debug|ARM
		{B22803EE-C4B6-4F9A-B31B-8FD896BD6EB9}.Debug|ARM.Deploy.0 = Debug|ARM
		{B22803EE-C4B6-4F9A-B31B-8FD896BD6EB9}.Debug|ARM64.ActiveCfg = Debug|ARM64
		{B22803EE-C4B6-4F9A-B31B-8FD896BD6EB9}.Debug|ARM64.Build.0 = Debug|ARM64
		{B22803EE-C4B6-4F9A-B31B-8FD896BD6EB9}.Debug|ARM64.Deploy.0 = Debug|ARM64
		{B22803EE-C4B6-4F9A-B31B-8FD896BD6EB9}.Debug|x64.ActiveCfg = Debug|x64
		{B22803EE-C4B6-4F9A-B31B-8FD896BD6EB9}.Debug|x64.Build.0 = Debug|x64
		{B22803EE-C4B6-4F9A-B31B-8FD896BD6EB9}.Debug|x64.Deploy.0 = Debug|x64
		{B22803EE-C4B6-4F9A-B31B-8FD896BD6EB9}.Debug|x86.ActiveCfg = Debug|Win32
		{B22803EE-C4B6-4F9A-B31B-8FD896BD6EB9}.Debug|x86.Build.0 = Debug|Win32
		{B22803EE-C4B6-4F9A-B31B-8FD896BD6EB9}.Debug|x86.Deploy.0 = Debug|Win32
		{B22803EE-C4B6-4F9A-B31B-8FD896BD6EB9}.Release|Any CPU.ActiveCfg = Release|Win32
		{B22803EE-C4B6-4F9A-B31B-8FD896BD6EB9}.Release|ARM.ActiveCfg = Release|ARM
		{B22803EE-C4B6-4F9A-B31B-8FD896BD6EB9}.Release|ARM.Build.0 = Release|ARM
		{B22803EE-C4B6-4F9A-B31B-8FD896BD6EB9}.Release|ARM.Deploy.0 = Release|ARM
		{B22803EE-C4B6-4F9A-B31B-8FD896BD6EB9}.Release|ARM64.ActiveCfg = Release|ARM64
		{B22803EE-C4B6-4F9A-B31B-8FD896BD6EB9}.Release|ARM64.Build.0 = Release|ARM64
		{B22803EE-C4B6-4F9A-B31B-8FD896BD6EB9}.Release|ARM64.Deploy.0 = Release|ARM64
		{B22803EE-C4B6-4F9A-B31B-8FD896BD6EB9}.Release|x64.ActiveCfg = Release|x64
		{B22803EE-C4B6-4F9A-B31B-8FD896BD6EB9}.Release|x64.Build.0 = Release|x64
		{B22803EE-C4B6-4F9A-B31B-8FD896BD6EB9}.Release|x64.Deploy.0 = Release|x64
		{B22803EE-C4B6-4F9A-B31B-8FD896BD6EB9}.Release|x86.ActiveCfg = Release|Win32
		{B22803EE-C4B6-4F9A-B31B-8FD896BD6EB9}.Release|x86.Build.0 = Release|Win32
		{B22803EE-C4B6-4F9A-B31B-8FD896BD6EB9}.Release|x86.Deploy.0 = Release|Win32
		{EC548274-5A28-4FEE-804A-5DC7D3C177F3}.Debug|Any CPU.ActiveCfg = Debug|Any CPU
		{EC548274-5A28-4FEE-804A-5DC7D3C177F3}.Debug|Any CPU.Build.0 = Debug|Any CPU
		{EC548274-5A28-4FEE-804A-5DC7D3C177F3}.Debug|ARM.ActiveCfg = Debug|Any CPU
		{EC548274-5A28-4FEE-804A-5DC7D3C177F3}.Debug|ARM.Build.0 = Debug|Any CPU
		{EC548274-5A28-4FEE-804A-5DC7D3C177F3}.Debug|ARM64.ActiveCfg = Debug|Any CPU
		{EC548274-5A28-4FEE-804A-5DC7D3C177F3}.Debug|ARM64.Build.0 = Debug|Any CPU
		{EC548274-5A28-4FEE-804A-5DC7D3C177F3}.Debug|x64.ActiveCfg = Debug|Any CPU
		{EC548274-5A28-4FEE-804A-5DC7D3C177F3}.Debug|x64.Build.0 = Debug|Any CPU
		{EC548274-5A28-4FEE-804A-5DC7D3C177F3}.Debug|x86.ActiveCfg = Debug|Any CPU
		{EC548274-5A28-4FEE-804A-5DC7D3C177F3}.Debug|x86.Build.0 = Debug|Any CPU
		{EC548274-5A28-4FEE-804A-5DC7D3C177F3}.Release|Any CPU.ActiveCfg = Release|Any CPU
		{EC548274-5A28-4FEE-804A-5DC7D3C177F3}.Release|Any CPU.Build.0 = Release|Any CPU
		{EC548274-5A28-4FEE-804A-5DC7D3C177F3}.Release|ARM.ActiveCfg = Release|Any CPU
		{EC548274-5A28-4FEE-804A-5DC7D3C177F3}.Release|ARM.Build.0 = Release|Any CPU
		{EC548274-5A28-4FEE-804A-5DC7D3C177F3}.Release|ARM64.ActiveCfg = Release|Any CPU
		{EC548274-5A28-4FEE-804A-5DC7D3C177F3}.Release|ARM64.Build.0 = Release|Any CPU
		{EC548274-5A28-4FEE-804A-5DC7D3C177F3}.Release|x64.ActiveCfg = Release|Any CPU
		{EC548274-5A28-4FEE-804A-5DC7D3C177F3}.Release|x64.Build.0 = Release|Any CPU
		{EC548274-5A28-4FEE-804A-5DC7D3C177F3}.Release|x86.ActiveCfg = Release|Any CPU
		{EC548274-5A28-4FEE-804A-5DC7D3C177F3}.Release|x86.Build.0 = Release|Any CPU
		{8C481896-4E79-4C40-9087-D8D1F5C69198}.Debug|Any CPU.ActiveCfg = Debug|Any CPU
		{8C481896-4E79-4C40-9087-D8D1F5C69198}.Debug|Any CPU.Build.0 = Debug|Any CPU
		{8C481896-4E79-4C40-9087-D8D1F5C69198}.Debug|ARM.ActiveCfg = Debug|Any CPU
		{8C481896-4E79-4C40-9087-D8D1F5C69198}.Debug|ARM.Build.0 = Debug|Any CPU
		{8C481896-4E79-4C40-9087-D8D1F5C69198}.Debug|ARM64.ActiveCfg = Debug|Any CPU
		{8C481896-4E79-4C40-9087-D8D1F5C69198}.Debug|ARM64.Build.0 = Debug|Any CPU
		{8C481896-4E79-4C40-9087-D8D1F5C69198}.Debug|x64.ActiveCfg = Debug|Any CPU
		{8C481896-4E79-4C40-9087-D8D1F5C69198}.Debug|x64.Build.0 = Debug|Any CPU
		{8C481896-4E79-4C40-9087-D8D1F5C69198}.Debug|x86.ActiveCfg = Debug|Any CPU
		{8C481896-4E79-4C40-9087-D8D1F5C69198}.Debug|x86.Build.0 = Debug|Any CPU
		{8C481896-4E79-4C40-9087-D8D1F5C69198}.Release|Any CPU.ActiveCfg = Release|Any CPU
		{8C481896-4E79-4C40-9087-D8D1F5C69198}.Release|Any CPU.Build.0 = Release|Any CPU
		{8C481896-4E79-4C40-9087-D8D1F5C69198}.Release|ARM.ActiveCfg = Release|Any CPU
		{8C481896-4E79-4C40-9087-D8D1F5C69198}.Release|ARM.Build.0 = Release|Any CPU
		{8C481896-4E79-4C40-9087-D8D1F5C69198}.Release|ARM64.ActiveCfg = Release|Any CPU
		{8C481896-4E79-4C40-9087-D8D1F5C69198}.Release|ARM64.Build.0 = Release|Any CPU
		{8C481896-4E79-4C40-9087-D8D1F5C69198}.Release|x64.ActiveCfg = Release|Any CPU
		{8C481896-4E79-4C40-9087-D8D1F5C69198}.Release|x64.Build.0 = Release|Any CPU
		{8C481896-4E79-4C40-9087-D8D1F5C69198}.Release|x86.ActiveCfg = Release|Any CPU
		{8C481896-4E79-4C40-9087-D8D1F5C69198}.Release|x86.Build.0 = Release|Any CPU
		{33DB18DF-0DE4-4F53-AAE0-9CAF63FB6F82}.Debug|Any CPU.ActiveCfg = Debug|Any CPU
		{33DB18DF-0DE4-4F53-AAE0-9CAF63FB6F82}.Debug|Any CPU.Build.0 = Debug|Any CPU
		{33DB18DF-0DE4-4F53-AAE0-9CAF63FB6F82}.Debug|ARM.ActiveCfg = Debug|Any CPU
		{33DB18DF-0DE4-4F53-AAE0-9CAF63FB6F82}.Debug|ARM.Build.0 = Debug|Any CPU
		{33DB18DF-0DE4-4F53-AAE0-9CAF63FB6F82}.Debug|ARM64.ActiveCfg = Debug|Any CPU
		{33DB18DF-0DE4-4F53-AAE0-9CAF63FB6F82}.Debug|ARM64.Build.0 = Debug|Any CPU
		{33DB18DF-0DE4-4F53-AAE0-9CAF63FB6F82}.Debug|x64.ActiveCfg = Debug|Any CPU
		{33DB18DF-0DE4-4F53-AAE0-9CAF63FB6F82}.Debug|x64.Build.0 = Debug|Any CPU
		{33DB18DF-0DE4-4F53-AAE0-9CAF63FB6F82}.Debug|x86.ActiveCfg = Debug|Any CPU
		{33DB18DF-0DE4-4F53-AAE0-9CAF63FB6F82}.Debug|x86.Build.0 = Debug|Any CPU
		{33DB18DF-0DE4-4F53-AAE0-9CAF63FB6F82}.Release|Any CPU.ActiveCfg = Release|Any CPU
		{33DB18DF-0DE4-4F53-AAE0-9CAF63FB6F82}.Release|Any CPU.Build.0 = Release|Any CPU
		{33DB18DF-0DE4-4F53-AAE0-9CAF63FB6F82}.Release|ARM.ActiveCfg = Release|Any CPU
		{33DB18DF-0DE4-4F53-AAE0-9CAF63FB6F82}.Release|ARM.Build.0 = Release|Any CPU
		{33DB18DF-0DE4-4F53-AAE0-9CAF63FB6F82}.Release|ARM64.ActiveCfg = Release|Any CPU
		{33DB18DF-0DE4-4F53-AAE0-9CAF63FB6F82}.Release|ARM64.Build.0 = Release|Any CPU
		{33DB18DF-0DE4-4F53-AAE0-9CAF63FB6F82}.Release|x64.ActiveCfg = Release|Any CPU
		{33DB18DF-0DE4-4F53-AAE0-9CAF63FB6F82}.Release|x64.Build.0 = Release|Any CPU
		{33DB18DF-0DE4-4F53-AAE0-9CAF63FB6F82}.Release|x86.ActiveCfg = Release|Any CPU
		{33DB18DF-0DE4-4F53-AAE0-9CAF63FB6F82}.Release|x86.Build.0 = Release|Any CPU
	EndGlobalSection
	GlobalSection(SolutionProperties) = preSolution
		HideSolutionNode = FALSE
	EndGlobalSection
	GlobalSection(NestedProjects) = preSolution
		{EC548274-5A28-4FEE-804A-5DC7D3C177F3} = {EFF1F44F-A102-4853-B8EC-1E9BB7629AA4}
		{8C481896-4E79-4C40-9087-D8D1F5C69198} = {EFF1F44F-A102-4853-B8EC-1E9BB7629AA4}
		{33DB18DF-0DE4-4F53-AAE0-9CAF63FB6F82} = {EFF1F44F-A102-4853-B8EC-1E9BB7629AA4}
	EndGlobalSection
	GlobalSection(ExtensibilityGlobals) = postSolution
		SolutionGuid = {F40164DD-B18E-46ED-81C0-C88E68C2FAE4}
	EndGlobalSection
EndGlobal
