
Microsoft Visual Studio Solution File, Format Version 12.00
# Visual Studio Version 16
VisualStudioVersion = 16.0.29709.97
MinimumVisualStudioVersion = 10.0.40219.1
Project("{2150E333-8FDC-42A3-9474-1A3956D46DE8}") = "Documentation", "Documentation", "{0E7487EE-DDC4-4875-A977-1E0024E673DD}"
	ProjectSection(SolutionItems) = preProject
		README.md = README.md
	EndProjectSection
EndProject
Project("{2150E333-8FDC-42A3-9474-1A3956D46DE8}") = "Kernel", "Kernel", "{FFEAF3FF-23D8-49C4-B8D8-D5A6502AD03B}"
EndProject
Project("{2150E333-8FDC-42A3-9474-1A3956D46DE8}") = "Windows", "Windows", "{88164C45-5AAB-4B8E-8FDB-733452B3357B}"
EndProject
Project("{2150E333-8FDC-42A3-9474-1A3956D46DE8}") = "Linux", "Linux", "{B02DBA81-5976-406E-867F-788855C41B7E}"
EndProject
Project("{2150E333-8FDC-42A3-9474-1A3956D46DE8}") = "Shared", "Shared", "{36B3794C-08CE-462B-8B85-525CF6DC429D}"
EndProject
Project("{2150E333-8FDC-42A3-9474-1A3956D46DE8}") = "Dependencies", "Dependencies", "{C84743DA-43DE-4E2F-9E99-6E7B773DEB0B}"
EndProject
Project("{2150E333-8FDC-42A3-9474-1A3956D46DE8}") = "Dependencies", "Dependencies", "{17F03CB4-DF0A-461B-92F5-08DD1E24ECF9}"
EndProject
Project("{8BC9CEB8-8B4A-11D0-8D11-00A0C91BC942}") = "lxcore", "src\Kernel\lxcore\lxcore.vcxproj", "{B22803EE-C4B6-4F9A-B31B-8FD896BD6EB9}"
EndProject
Project("{8BC9CEB8-8B4A-11D0-8D11-00A0C91BC942}") = "lxssex", "src\Kernel\lxssex\lxssex.vcxproj", "{603A7DD6-9184-48EF-AC84-356184FFFDB0}"
EndProject
Project("{8BC9CEB8-8B4A-11D0-8D11-00A0C91BC942}") = "ak", "src\Linux\ak\ak.vcxproj", "{D7D94746-C7FE-4B8F-B55F-FF215E6C79C6}"
EndProject
Project("{9A19103F-16F7-4668-BE54-9A1E7A4F7556}") = "System.Runtime.InteropServices.Unix", "src\Linux\System.Runtime.InteropServices.Unix\System.Runtime.InteropServices.Unix.csproj", "{C7D1E094-6322-49FC-9C65-D9BA8F23DE89}"
EndProject
Project("{8BC9CEB8-8B4A-11D0-8D11-00A0C91BC942}") = "angle", "src\Windows\Dependencies\angle\angle.vcxproj", "{0D69872A-BCFB-4DFF-A159-19BB49CE4041}"
EndProject
Project("{9A19103F-16F7-4668-BE54-9A1E7A4F7556}") = "libEGL.Shared", "src\Shared\libEGL.Shared\libEGL.Shared.csproj", "{84CFC629-4F5C-4A03-AE72-4F0D51F076FC}"
EndProject
Project("{9A19103F-16F7-4668-BE54-9A1E7A4F7556}") = "libEGL.Linux", "src\Linux\libEGL.Linux\libEGL.Linux.csproj", "{4C409A10-B9D8-4F21-93CA-68114A4B02B9}"
EndProject
Project("{2150E333-8FDC-42A3-9474-1A3956D46DE8}") = "Package", "Package", "{03C22755-74A3-42A3-9FB2-70FB2946EE73}"
EndProject
Project("{C7167F0D-BC9F-4E6E-AFE1-012C56B48DB5}") = "lxssex Installer", "src\Package\lxssex Installer\lxssex Installer.wapproj", "{D42D0FD0-294E-45B2-A6C0-64011C9EC5B5}"
EndProject
Project("{9A19103F-16F7-4668-BE54-9A1E7A4F7556}") = "lxssex.RPC", "src\Shared\lxssex.RPC\lxssex.RPC.csproj", "{E1F8EA7C-FF5E-4D63-8F9E-CC063542A8A1}"
EndProject
Project("{FAE04EC0-301F-11D3-BF4B-00C04F79EFBC}") = "lxssex.Manager", "src\Windows\lxssex.Manager\lxssex.Manager.csproj", "{AFCC9DC2-6EE2-4339-AFAA-A6EB17C390CC}"
EndProject
Project("{2150E333-8FDC-42A3-9474-1A3956D46DE8}") = "Solution Items", "Solution Items", "{ABA8C39D-9417-406D-B1DE-F9313879A6DE}"
	ProjectSection(SolutionItems) = preProject
		.editorconfig = .editorconfig
	EndProjectSection
EndProject
Project("{9A19103F-16F7-4668-BE54-9A1E7A4F7556}") = "libEGL", "src\Shared\libEGL\libEGL.csproj", "{CDCB41CA-2B81-4CB2-9FDD-CD4EA972233C}"
EndProject
Project("{8BC9CEB8-8B4A-11D0-8D11-00A0C91BC942}") = "lxssex.WM", "src\Kernel\lxssex.WM\lxssex.WM.vcxproj", "{F417B05C-5F81-4DAC-9744-13E930A6A346}"
EndProject
Project("{8BC9CEB8-8B4A-11D0-8D11-00A0C91BC942}") = "cppapi", "src\Kernel\cppapi\cppapi.vcxproj", "{A861EEF0-7150-43DB-8E00-BC2C6DED8CFA}"
EndProject
Project("{FAE04EC0-301F-11D3-BF4B-00C04F79EFBC}") = "lxssex.WindowManager", "src\Windows\lxssex.WindowManager\lxssex.WindowManager.csproj", "{09A812D7-E1FF-4F1C-81DC-448F8E2851AD}"
EndProject
Project("{9A19103F-16F7-4668-BE54-9A1E7A4F7556}") = "lxssex.WindowManagerAssistant", "src\Windows\lxssex.WindowManagerAssistant\lxssex.WindowManagerAssistant.csproj", "{E0D2CA90-31E4-4C34-A48F-E2FC96529756}"
EndProject
Project("{9A19103F-16F7-4668-BE54-9A1E7A4F7556}") = "lxssex.WindowManager.Shared", "src\Shared\lxssex.WindowManager.Shared\lxssex.WindowManager.Shared.csproj", "{9284A1CD-4489-48D5-AA10-C9C5B0359592}"
EndProject
Project("{9A19103F-16F7-4668-BE54-9A1E7A4F7556}") = "lxssex.WindowManager.Linux", "src\Linux\lxssex.WindowManager.Linux\lxssex.WindowManager.Linux.csproj", "{8262FFEF-F86F-45CE-89F6-EA658A097920}"
EndProject
Project("{FAE04EC0-301F-11D3-BF4B-00C04F79EFBC}") = "test", "src\Windows\test\test.csproj", "{64F102C8-80D9-4DF2-B88C-92EBDACDF232}"
EndProject
Project("{8BC9CEB8-8B4A-11D0-8D11-00A0C91BC942}") = "lxssex.dxgkrnl", "src\Kernel\lxssex.dxgkrnl\lxssex.dxgkrnl.vcxproj", "{E46256A8-1471-4952-A2EC-A3D181F72F71}"
EndProject
Global
	GlobalSection(SolutionConfigurationPlatforms) = preSolution
		Debug|Any CPU = Debug|Any CPU
		Debug|ARM = Debug|ARM
		Debug|ARM64 = Debug|ARM64
		Debug|x64 = Debug|x64
		Debug|x86 = Debug|x86
		Release|Any CPU = Release|Any CPU
		Release|ARM = Release|ARM
		Release|ARM64 = Release|ARM64
		Release|x64 = Release|x64
		Release|x86 = Release|x86
	EndGlobalSection
	GlobalSection(ProjectConfigurationPlatforms) = postSolution
		{B22803EE-C4B6-4F9A-B31B-8FD896BD6EB9}.Debug|Any CPU.ActiveCfg = Debug|x64
		{B22803EE-C4B6-4F9A-B31B-8FD896BD6EB9}.Debug|ARM.ActiveCfg = Debug|x64
		{B22803EE-C4B6-4F9A-B31B-8FD896BD6EB9}.Debug|ARM64.ActiveCfg = Debug|x64
		{B22803EE-C4B6-4F9A-B31B-8FD896BD6EB9}.Debug|ARM64.Build.0 = Debug|x64
		{B22803EE-C4B6-4F9A-B31B-8FD896BD6EB9}.Debug|x64.ActiveCfg = Debug|x64
		{B22803EE-C4B6-4F9A-B31B-8FD896BD6EB9}.Debug|x64.Build.0 = Debug|x64
		{B22803EE-C4B6-4F9A-B31B-8FD896BD6EB9}.Debug|x86.ActiveCfg = Debug|x64
		{B22803EE-C4B6-4F9A-B31B-8FD896BD6EB9}.Release|Any CPU.ActiveCfg = Release|x64
		{B22803EE-C4B6-4F9A-B31B-8FD896BD6EB9}.Release|ARM.ActiveCfg = Release|x64
		{B22803EE-C4B6-4F9A-B31B-8FD896BD6EB9}.Release|ARM64.ActiveCfg = Release|ARM64
		{B22803EE-C4B6-4F9A-B31B-8FD896BD6EB9}.Release|ARM64.Build.0 = Release|ARM64
		{B22803EE-C4B6-4F9A-B31B-8FD896BD6EB9}.Release|x64.ActiveCfg = Release|x64
		{B22803EE-C4B6-4F9A-B31B-8FD896BD6EB9}.Release|x64.Build.0 = Release|x64
		{B22803EE-C4B6-4F9A-B31B-8FD896BD6EB9}.Release|x86.ActiveCfg = Release|x64
		{603A7DD6-9184-48EF-AC84-356184FFFDB0}.Debug|Any CPU.ActiveCfg = Debug|x64
		{603A7DD6-9184-48EF-AC84-356184FFFDB0}.Debug|ARM.ActiveCfg = Debug|x64
		{603A7DD6-9184-48EF-AC84-356184FFFDB0}.Debug|ARM64.ActiveCfg = Debug|x64
		{603A7DD6-9184-48EF-AC84-356184FFFDB0}.Debug|ARM64.Build.0 = Debug|x64
		{603A7DD6-9184-48EF-AC84-356184FFFDB0}.Debug|ARM64.Deploy.0 = Debug|x64
		{603A7DD6-9184-48EF-AC84-356184FFFDB0}.Debug|x64.ActiveCfg = Debug|x64
		{603A7DD6-9184-48EF-AC84-356184FFFDB0}.Debug|x64.Build.0 = Debug|x64
		{603A7DD6-9184-48EF-AC84-356184FFFDB0}.Debug|x64.Deploy.0 = Debug|x64
		{603A7DD6-9184-48EF-AC84-356184FFFDB0}.Debug|x86.ActiveCfg = Debug|x64
		{603A7DD6-9184-48EF-AC84-356184FFFDB0}.Release|Any CPU.ActiveCfg = Release|x64
		{603A7DD6-9184-48EF-AC84-356184FFFDB0}.Release|ARM.ActiveCfg = Release|x64
		{603A7DD6-9184-48EF-AC84-356184FFFDB0}.Release|ARM64.ActiveCfg = Release|ARM64
		{603A7DD6-9184-48EF-AC84-356184FFFDB0}.Release|ARM64.Build.0 = Release|ARM64
		{603A7DD6-9184-48EF-AC84-356184FFFDB0}.Release|x64.ActiveCfg = Release|x64
		{603A7DD6-9184-48EF-AC84-356184FFFDB0}.Release|x64.Build.0 = Release|x64
		{603A7DD6-9184-48EF-AC84-356184FFFDB0}.Release|x64.Deploy.0 = Release|x64
		{603A7DD6-9184-48EF-AC84-356184FFFDB0}.Release|x86.ActiveCfg = Release|x64
		{D7D94746-C7FE-4B8F-B55F-FF215E6C79C6}.Debug|Any CPU.ActiveCfg = Debug|x64
		{D7D94746-C7FE-4B8F-B55F-FF215E6C79C6}.Debug|ARM.ActiveCfg = Debug|x64
		{D7D94746-C7FE-4B8F-B55F-FF215E6C79C6}.Debug|ARM64.ActiveCfg = Debug|x64
		{D7D94746-C7FE-4B8F-B55F-FF215E6C79C6}.Debug|ARM64.Build.0 = Debug|x64
		{D7D94746-C7FE-4B8F-B55F-FF215E6C79C6}.Debug|ARM64.Deploy.0 = Debug|x64
		{D7D94746-C7FE-4B8F-B55F-FF215E6C79C6}.Debug|x64.ActiveCfg = Debug|x64
		{D7D94746-C7FE-4B8F-B55F-FF215E6C79C6}.Debug|x64.Build.0 = Debug|x64
		{D7D94746-C7FE-4B8F-B55F-FF215E6C79C6}.Debug|x64.Deploy.0 = Debug|x64
		{D7D94746-C7FE-4B8F-B55F-FF215E6C79C6}.Debug|x86.ActiveCfg = Debug|x64
		{D7D94746-C7FE-4B8F-B55F-FF215E6C79C6}.Release|Any CPU.ActiveCfg = Release|x64
		{D7D94746-C7FE-4B8F-B55F-FF215E6C79C6}.Release|ARM.ActiveCfg = Release|x64
		{D7D94746-C7FE-4B8F-B55F-FF215E6C79C6}.Release|ARM64.ActiveCfg = Release|ARM64
		{D7D94746-C7FE-4B8F-B55F-FF215E6C79C6}.Release|ARM64.Build.0 = Release|ARM64
		{D7D94746-C7FE-4B8F-B55F-FF215E6C79C6}.Release|ARM64.Deploy.0 = Release|ARM64
		{D7D94746-C7FE-4B8F-B55F-FF215E6C79C6}.Release|x64.ActiveCfg = Release|x64
		{D7D94746-C7FE-4B8F-B55F-FF215E6C79C6}.Release|x64.Build.0 = Release|x64
		{D7D94746-C7FE-4B8F-B55F-FF215E6C79C6}.Release|x64.Deploy.0 = Release|x64
		{D7D94746-C7FE-4B8F-B55F-FF215E6C79C6}.Release|x86.ActiveCfg = Release|x64
		{C7D1E094-6322-49FC-9C65-D9BA8F23DE89}.Debug|Any CPU.ActiveCfg = Debug|Any CPU
		{C7D1E094-6322-49FC-9C65-D9BA8F23DE89}.Debug|Any CPU.Build.0 = Debug|Any CPU
		{C7D1E094-6322-49FC-9C65-D9BA8F23DE89}.Debug|ARM.ActiveCfg = Debug|Any CPU
		{C7D1E094-6322-49FC-9C65-D9BA8F23DE89}.Debug|ARM.Build.0 = Debug|Any CPU
		{C7D1E094-6322-49FC-9C65-D9BA8F23DE89}.Debug|ARM64.ActiveCfg = Debug|Any CPU
		{C7D1E094-6322-49FC-9C65-D9BA8F23DE89}.Debug|ARM64.Build.0 = Debug|Any CPU
		{C7D1E094-6322-49FC-9C65-D9BA8F23DE89}.Debug|x64.ActiveCfg = Debug|Any CPU
		{C7D1E094-6322-49FC-9C65-D9BA8F23DE89}.Debug|x64.Build.0 = Debug|Any CPU
		{C7D1E094-6322-49FC-9C65-D9BA8F23DE89}.Debug|x86.ActiveCfg = Debug|Any CPU
		{C7D1E094-6322-49FC-9C65-D9BA8F23DE89}.Debug|x86.Build.0 = Debug|Any CPU
		{C7D1E094-6322-49FC-9C65-D9BA8F23DE89}.Release|Any CPU.ActiveCfg = Release|Any CPU
		{C7D1E094-6322-49FC-9C65-D9BA8F23DE89}.Release|Any CPU.Build.0 = Release|Any CPU
		{C7D1E094-6322-49FC-9C65-D9BA8F23DE89}.Release|ARM.ActiveCfg = Release|Any CPU
		{C7D1E094-6322-49FC-9C65-D9BA8F23DE89}.Release|ARM.Build.0 = Release|Any CPU
		{C7D1E094-6322-49FC-9C65-D9BA8F23DE89}.Release|ARM64.ActiveCfg = Release|Any CPU
		{C7D1E094-6322-49FC-9C65-D9BA8F23DE89}.Release|ARM64.Build.0 = Release|Any CPU
		{C7D1E094-6322-49FC-9C65-D9BA8F23DE89}.Release|x64.ActiveCfg = Release|Any CPU
		{C7D1E094-6322-49FC-9C65-D9BA8F23DE89}.Release|x64.Build.0 = Release|Any CPU
		{C7D1E094-6322-49FC-9C65-D9BA8F23DE89}.Release|x86.ActiveCfg = Release|Any CPU
		{C7D1E094-6322-49FC-9C65-D9BA8F23DE89}.Release|x86.Build.0 = Release|Any CPU
		{0D69872A-BCFB-4DFF-A159-19BB49CE4041}.Debug|Any CPU.ActiveCfg = Debug|x64
		{0D69872A-BCFB-4DFF-A159-19BB49CE4041}.Debug|ARM.ActiveCfg = Debug|x64
		{0D69872A-BCFB-4DFF-A159-19BB49CE4041}.Debug|ARM64.ActiveCfg = Debug|x64
		{0D69872A-BCFB-4DFF-A159-19BB49CE4041}.Debug|ARM64.Build.0 = Debug|x64
		{0D69872A-BCFB-4DFF-A159-19BB49CE4041}.Debug|x64.ActiveCfg = Debug|x64
		{0D69872A-BCFB-4DFF-A159-19BB49CE4041}.Debug|x64.Build.0 = Debug|x64
		{0D69872A-BCFB-4DFF-A159-19BB49CE4041}.Debug|x86.ActiveCfg = Debug|x64
		{0D69872A-BCFB-4DFF-A159-19BB49CE4041}.Release|Any CPU.ActiveCfg = Release|x64
		{0D69872A-BCFB-4DFF-A159-19BB49CE4041}.Release|ARM.ActiveCfg = Release|x64
		{0D69872A-BCFB-4DFF-A159-19BB49CE4041}.Release|ARM64.ActiveCfg = Release|ARM64
		{0D69872A-BCFB-4DFF-A159-19BB49CE4041}.Release|ARM64.Build.0 = Release|ARM64
		{0D69872A-BCFB-4DFF-A159-19BB49CE4041}.Release|x64.ActiveCfg = Release|x64
		{0D69872A-BCFB-4DFF-A159-19BB49CE4041}.Release|x64.Build.0 = Release|x64
		{0D69872A-BCFB-4DFF-A159-19BB49CE4041}.Release|x86.ActiveCfg = Release|x64
		{84CFC629-4F5C-4A03-AE72-4F0D51F076FC}.Debug|Any CPU.ActiveCfg = Debug|Any CPU
		{84CFC629-4F5C-4A03-AE72-4F0D51F076FC}.Debug|Any CPU.Build.0 = Debug|Any CPU
		{84CFC629-4F5C-4A03-AE72-4F0D51F076FC}.Debug|ARM.ActiveCfg = Debug|Any CPU
		{84CFC629-4F5C-4A03-AE72-4F0D51F076FC}.Debug|ARM.Build.0 = Debug|Any CPU
		{84CFC629-4F5C-4A03-AE72-4F0D51F076FC}.Debug|ARM64.ActiveCfg = Debug|Any CPU
		{84CFC629-4F5C-4A03-AE72-4F0D51F076FC}.Debug|ARM64.Build.0 = Debug|Any CPU
		{84CFC629-4F5C-4A03-AE72-4F0D51F076FC}.Debug|x64.ActiveCfg = Debug|Any CPU
		{84CFC629-4F5C-4A03-AE72-4F0D51F076FC}.Debug|x64.Build.0 = Debug|Any CPU
		{84CFC629-4F5C-4A03-AE72-4F0D51F076FC}.Debug|x86.ActiveCfg = Debug|Any CPU
		{84CFC629-4F5C-4A03-AE72-4F0D51F076FC}.Debug|x86.Build.0 = Debug|Any CPU
		{84CFC629-4F5C-4A03-AE72-4F0D51F076FC}.Release|Any CPU.ActiveCfg = Release|Any CPU
		{84CFC629-4F5C-4A03-AE72-4F0D51F076FC}.Release|Any CPU.Build.0 = Release|Any CPU
		{84CFC629-4F5C-4A03-AE72-4F0D51F076FC}.Release|ARM.ActiveCfg = Release|Any CPU
		{84CFC629-4F5C-4A03-AE72-4F0D51F076FC}.Release|ARM.Build.0 = Release|Any CPU
		{84CFC629-4F5C-4A03-AE72-4F0D51F076FC}.Release|ARM64.ActiveCfg = Release|Any CPU
		{84CFC629-4F5C-4A03-AE72-4F0D51F076FC}.Release|ARM64.Build.0 = Release|Any CPU
		{84CFC629-4F5C-4A03-AE72-4F0D51F076FC}.Release|x64.ActiveCfg = Release|Any CPU
		{84CFC629-4F5C-4A03-AE72-4F0D51F076FC}.Release|x64.Build.0 = Release|Any CPU
		{84CFC629-4F5C-4A03-AE72-4F0D51F076FC}.Release|x86.ActiveCfg = Release|Any CPU
		{84CFC629-4F5C-4A03-AE72-4F0D51F076FC}.Release|x86.Build.0 = Release|Any CPU
		{4C409A10-B9D8-4F21-93CA-68114A4B02B9}.Debug|Any CPU.ActiveCfg = Debug|x64
		{4C409A10-B9D8-4F21-93CA-68114A4B02B9}.Debug|ARM.ActiveCfg = Debug|x64
		{4C409A10-B9D8-4F21-93CA-68114A4B02B9}.Debug|ARM64.ActiveCfg = Debug|x64
		{4C409A10-B9D8-4F21-93CA-68114A4B02B9}.Debug|ARM64.Build.0 = Debug|x64
		{4C409A10-B9D8-4F21-93CA-68114A4B02B9}.Debug|x64.ActiveCfg = Debug|x64
		{4C409A10-B9D8-4F21-93CA-68114A4B02B9}.Debug|x64.Build.0 = Debug|x64
		{4C409A10-B9D8-4F21-93CA-68114A4B02B9}.Debug|x86.ActiveCfg = Debug|x64
		{4C409A10-B9D8-4F21-93CA-68114A4B02B9}.Release|Any CPU.ActiveCfg = Release|x64
		{4C409A10-B9D8-4F21-93CA-68114A4B02B9}.Release|ARM.ActiveCfg = Release|x64
		{4C409A10-B9D8-4F21-93CA-68114A4B02B9}.Release|ARM64.ActiveCfg = Release|arm64
		{4C409A10-B9D8-4F21-93CA-68114A4B02B9}.Release|ARM64.Build.0 = Release|arm64
		{4C409A10-B9D8-4F21-93CA-68114A4B02B9}.Release|x64.ActiveCfg = Release|x64
		{4C409A10-B9D8-4F21-93CA-68114A4B02B9}.Release|x64.Build.0 = Release|x64
		{4C409A10-B9D8-4F21-93CA-68114A4B02B9}.Release|x86.ActiveCfg = Release|x64
		{D42D0FD0-294E-45B2-A6C0-64011C9EC5B5}.Debug|Any CPU.ActiveCfg = Debug|x64
		{D42D0FD0-294E-45B2-A6C0-64011C9EC5B5}.Debug|ARM.ActiveCfg = Debug|x64
		{D42D0FD0-294E-45B2-A6C0-64011C9EC5B5}.Debug|ARM64.ActiveCfg = Debug|x64
		{D42D0FD0-294E-45B2-A6C0-64011C9EC5B5}.Debug|ARM64.Build.0 = Debug|x64
		{D42D0FD0-294E-45B2-A6C0-64011C9EC5B5}.Debug|ARM64.Deploy.0 = Debug|x64
		{D42D0FD0-294E-45B2-A6C0-64011C9EC5B5}.Debug|x64.ActiveCfg = Debug|x64
		{D42D0FD0-294E-45B2-A6C0-64011C9EC5B5}.Debug|x64.Build.0 = Debug|x64
		{D42D0FD0-294E-45B2-A6C0-64011C9EC5B5}.Debug|x64.Deploy.0 = Debug|x64
		{D42D0FD0-294E-45B2-A6C0-64011C9EC5B5}.Debug|x86.ActiveCfg = Debug|x64
		{D42D0FD0-294E-45B2-A6C0-64011C9EC5B5}.Release|Any CPU.ActiveCfg = Release|x64
		{D42D0FD0-294E-45B2-A6C0-64011C9EC5B5}.Release|ARM.ActiveCfg = Release|x64
		{D42D0FD0-294E-45B2-A6C0-64011C9EC5B5}.Release|ARM64.ActiveCfg = Release|ARM64
		{D42D0FD0-294E-45B2-A6C0-64011C9EC5B5}.Release|ARM64.Build.0 = Release|ARM64
		{D42D0FD0-294E-45B2-A6C0-64011C9EC5B5}.Release|ARM64.Deploy.0 = Release|ARM64
		{D42D0FD0-294E-45B2-A6C0-64011C9EC5B5}.Release|x64.ActiveCfg = Release|x64
		{D42D0FD0-294E-45B2-A6C0-64011C9EC5B5}.Release|x64.Build.0 = Release|x64
		{D42D0FD0-294E-45B2-A6C0-64011C9EC5B5}.Release|x64.Deploy.0 = Release|x64
		{D42D0FD0-294E-45B2-A6C0-64011C9EC5B5}.Release|x86.ActiveCfg = Release|x64
		{E1F8EA7C-FF5E-4D63-8F9E-CC063542A8A1}.Debug|Any CPU.ActiveCfg = Debug|Any CPU
		{E1F8EA7C-FF5E-4D63-8F9E-CC063542A8A1}.Debug|Any CPU.Build.0 = Debug|Any CPU
		{E1F8EA7C-FF5E-4D63-8F9E-CC063542A8A1}.Debug|ARM.ActiveCfg = Debug|Any CPU
		{E1F8EA7C-FF5E-4D63-8F9E-CC063542A8A1}.Debug|ARM.Build.0 = Debug|Any CPU
		{E1F8EA7C-FF5E-4D63-8F9E-CC063542A8A1}.Debug|ARM64.ActiveCfg = Debug|Any CPU
		{E1F8EA7C-FF5E-4D63-8F9E-CC063542A8A1}.Debug|ARM64.Build.0 = Debug|Any CPU
		{E1F8EA7C-FF5E-4D63-8F9E-CC063542A8A1}.Debug|x64.ActiveCfg = Debug|Any CPU
		{E1F8EA7C-FF5E-4D63-8F9E-CC063542A8A1}.Debug|x64.Build.0 = Debug|Any CPU
		{E1F8EA7C-FF5E-4D63-8F9E-CC063542A8A1}.Debug|x86.ActiveCfg = Debug|Any CPU
		{E1F8EA7C-FF5E-4D63-8F9E-CC063542A8A1}.Debug|x86.Build.0 = Debug|Any CPU
		{E1F8EA7C-FF5E-4D63-8F9E-CC063542A8A1}.Release|Any CPU.ActiveCfg = Release|Any CPU
		{E1F8EA7C-FF5E-4D63-8F9E-CC063542A8A1}.Release|Any CPU.Build.0 = Release|Any CPU
		{E1F8EA7C-FF5E-4D63-8F9E-CC063542A8A1}.Release|ARM.ActiveCfg = Release|Any CPU
		{E1F8EA7C-FF5E-4D63-8F9E-CC063542A8A1}.Release|ARM.Build.0 = Release|Any CPU
		{E1F8EA7C-FF5E-4D63-8F9E-CC063542A8A1}.Release|ARM64.ActiveCfg = Release|Any CPU
		{E1F8EA7C-FF5E-4D63-8F9E-CC063542A8A1}.Release|ARM64.Build.0 = Release|Any CPU
		{E1F8EA7C-FF5E-4D63-8F9E-CC063542A8A1}.Release|x64.ActiveCfg = Release|Any CPU
		{E1F8EA7C-FF5E-4D63-8F9E-CC063542A8A1}.Release|x64.Build.0 = Release|Any CPU
		{E1F8EA7C-FF5E-4D63-8F9E-CC063542A8A1}.Release|x86.ActiveCfg = Release|Any CPU
		{E1F8EA7C-FF5E-4D63-8F9E-CC063542A8A1}.Release|x86.Build.0 = Release|Any CPU
		{AFCC9DC2-6EE2-4339-AFAA-A6EB17C390CC}.Debug|Any CPU.ActiveCfg = Debug|x64
		{AFCC9DC2-6EE2-4339-AFAA-A6EB17C390CC}.Debug|ARM.ActiveCfg = Debug|x64
		{AFCC9DC2-6EE2-4339-AFAA-A6EB17C390CC}.Debug|ARM64.ActiveCfg = Debug|x64
		{AFCC9DC2-6EE2-4339-AFAA-A6EB17C390CC}.Debug|ARM64.Build.0 = Debug|x64
		{AFCC9DC2-6EE2-4339-AFAA-A6EB17C390CC}.Debug|ARM64.Deploy.0 = Debug|x64
		{AFCC9DC2-6EE2-4339-AFAA-A6EB17C390CC}.Debug|x64.ActiveCfg = Debug|x64
		{AFCC9DC2-6EE2-4339-AFAA-A6EB17C390CC}.Debug|x64.Build.0 = Debug|x64
		{AFCC9DC2-6EE2-4339-AFAA-A6EB17C390CC}.Debug|x64.Deploy.0 = Debug|x64
		{AFCC9DC2-6EE2-4339-AFAA-A6EB17C390CC}.Debug|x86.ActiveCfg = Debug|x64
		{AFCC9DC2-6EE2-4339-AFAA-A6EB17C390CC}.Release|Any CPU.ActiveCfg = Release|x64
		{AFCC9DC2-6EE2-4339-AFAA-A6EB17C390CC}.Release|ARM.ActiveCfg = Release|x64
		{AFCC9DC2-6EE2-4339-AFAA-A6EB17C390CC}.Release|ARM64.ActiveCfg = Release|ARM64
		{AFCC9DC2-6EE2-4339-AFAA-A6EB17C390CC}.Release|ARM64.Build.0 = Release|ARM64
		{AFCC9DC2-6EE2-4339-AFAA-A6EB17C390CC}.Release|ARM64.Deploy.0 = Release|ARM64
		{AFCC9DC2-6EE2-4339-AFAA-A6EB17C390CC}.Release|x64.ActiveCfg = Release|x64
		{AFCC9DC2-6EE2-4339-AFAA-A6EB17C390CC}.Release|x64.Build.0 = Release|x64
		{AFCC9DC2-6EE2-4339-AFAA-A6EB17C390CC}.Release|x64.Deploy.0 = Release|x64
		{AFCC9DC2-6EE2-4339-AFAA-A6EB17C390CC}.Release|x86.ActiveCfg = Release|x64
		{CDCB41CA-2B81-4CB2-9FDD-CD4EA972233C}.Debug|Any CPU.ActiveCfg = Debug|Any CPU
		{CDCB41CA-2B81-4CB2-9FDD-CD4EA972233C}.Debug|Any CPU.Build.0 = Debug|Any CPU
		{CDCB41CA-2B81-4CB2-9FDD-CD4EA972233C}.Debug|ARM.ActiveCfg = Debug|Any CPU
		{CDCB41CA-2B81-4CB2-9FDD-CD4EA972233C}.Debug|ARM.Build.0 = Debug|Any CPU
		{CDCB41CA-2B81-4CB2-9FDD-CD4EA972233C}.Debug|ARM64.ActiveCfg = Debug|Any CPU
		{CDCB41CA-2B81-4CB2-9FDD-CD4EA972233C}.Debug|ARM64.Build.0 = Debug|Any CPU
		{CDCB41CA-2B81-4CB2-9FDD-CD4EA972233C}.Debug|x64.ActiveCfg = Debug|Any CPU
		{CDCB41CA-2B81-4CB2-9FDD-CD4EA972233C}.Debug|x64.Build.0 = Debug|Any CPU
		{CDCB41CA-2B81-4CB2-9FDD-CD4EA972233C}.Debug|x86.ActiveCfg = Debug|Any CPU
		{CDCB41CA-2B81-4CB2-9FDD-CD4EA972233C}.Debug|x86.Build.0 = Debug|Any CPU
		{CDCB41CA-2B81-4CB2-9FDD-CD4EA972233C}.Release|Any CPU.ActiveCfg = Release|Any CPU
		{CDCB41CA-2B81-4CB2-9FDD-CD4EA972233C}.Release|Any CPU.Build.0 = Release|Any CPU
		{CDCB41CA-2B81-4CB2-9FDD-CD4EA972233C}.Release|ARM.ActiveCfg = Release|Any CPU
		{CDCB41CA-2B81-4CB2-9FDD-CD4EA972233C}.Release|ARM.Build.0 = Release|Any CPU
		{CDCB41CA-2B81-4CB2-9FDD-CD4EA972233C}.Release|ARM64.ActiveCfg = Release|Any CPU
		{CDCB41CA-2B81-4CB2-9FDD-CD4EA972233C}.Release|ARM64.Build.0 = Release|Any CPU
		{CDCB41CA-2B81-4CB2-9FDD-CD4EA972233C}.Release|x64.ActiveCfg = Release|Any CPU
		{CDCB41CA-2B81-4CB2-9FDD-CD4EA972233C}.Release|x64.Build.0 = Release|Any CPU
		{CDCB41CA-2B81-4CB2-9FDD-CD4EA972233C}.Release|x86.ActiveCfg = Release|Any CPU
		{CDCB41CA-2B81-4CB2-9FDD-CD4EA972233C}.Release|x86.Build.0 = Release|Any CPU
		{F417B05C-5F81-4DAC-9744-13E930A6A346}.Debug|Any CPU.ActiveCfg = Debug|x64
		{F417B05C-5F81-4DAC-9744-13E930A6A346}.Debug|ARM.ActiveCfg = Debug|x64
		{F417B05C-5F81-4DAC-9744-13E930A6A346}.Debug|ARM64.ActiveCfg = Debug|x64
		{F417B05C-5F81-4DAC-9744-13E930A6A346}.Debug|ARM64.Build.0 = Debug|x64
		{F417B05C-5F81-4DAC-9744-13E930A6A346}.Debug|ARM64.Deploy.0 = Debug|x64
		{F417B05C-5F81-4DAC-9744-13E930A6A346}.Debug|x64.ActiveCfg = Debug|x64
		{F417B05C-5F81-4DAC-9744-13E930A6A346}.Debug|x64.Build.0 = Debug|x64
		{F417B05C-5F81-4DAC-9744-13E930A6A346}.Debug|x64.Deploy.0 = Debug|x64
		{F417B05C-5F81-4DAC-9744-13E930A6A346}.Debug|x86.ActiveCfg = Debug|x64
		{F417B05C-5F81-4DAC-9744-13E930A6A346}.Release|Any CPU.ActiveCfg = Release|x64
		{F417B05C-5F81-4DAC-9744-13E930A6A346}.Release|ARM.ActiveCfg = Release|x64
		{F417B05C-5F81-4DAC-9744-13E930A6A346}.Release|ARM64.ActiveCfg = Release|ARM64
		{F417B05C-5F81-4DAC-9744-13E930A6A346}.Release|ARM64.Build.0 = Release|ARM64
		{F417B05C-5F81-4DAC-9744-13E930A6A346}.Release|x64.ActiveCfg = Release|x64
		{F417B05C-5F81-4DAC-9744-13E930A6A346}.Release|x64.Build.0 = Release|x64
		{F417B05C-5F81-4DAC-9744-13E930A6A346}.Release|x64.Deploy.0 = Release|x64
		{F417B05C-5F81-4DAC-9744-13E930A6A346}.Release|x86.ActiveCfg = Release|x64
		{A861EEF0-7150-43DB-8E00-BC2C6DED8CFA}.Debug|Any CPU.ActiveCfg = Debug|x64
		{A861EEF0-7150-43DB-8E00-BC2C6DED8CFA}.Debug|ARM.ActiveCfg = Debug|x64
		{A861EEF0-7150-43DB-8E00-BC2C6DED8CFA}.Debug|ARM64.ActiveCfg = Debug|x64
		{A861EEF0-7150-43DB-8E00-BC2C6DED8CFA}.Debug|ARM64.Build.0 = Debug|x64
		{A861EEF0-7150-43DB-8E00-BC2C6DED8CFA}.Debug|ARM64.Deploy.0 = Debug|x64
		{A861EEF0-7150-43DB-8E00-BC2C6DED8CFA}.Debug|x64.ActiveCfg = Debug|x64
		{A861EEF0-7150-43DB-8E00-BC2C6DED8CFA}.Debug|x64.Build.0 = Debug|x64
		{A861EEF0-7150-43DB-8E00-BC2C6DED8CFA}.Debug|x64.Deploy.0 = Debug|x64
		{A861EEF0-7150-43DB-8E00-BC2C6DED8CFA}.Debug|x86.ActiveCfg = Debug|x64
		{A861EEF0-7150-43DB-8E00-BC2C6DED8CFA}.Release|Any CPU.ActiveCfg = Release|x64
		{A861EEF0-7150-43DB-8E00-BC2C6DED8CFA}.Release|ARM.ActiveCfg = Release|x64
		{A861EEF0-7150-43DB-8E00-BC2C6DED8CFA}.Release|ARM64.ActiveCfg = Release|ARM64
		{A861EEF0-7150-43DB-8E00-BC2C6DED8CFA}.Release|ARM64.Build.0 = Release|ARM64
		{A861EEF0-7150-43DB-8E00-BC2C6DED8CFA}.Release|ARM64.Deploy.0 = Release|ARM64
		{A861EEF0-7150-43DB-8E00-BC2C6DED8CFA}.Release|x64.ActiveCfg = Release|x64
		{A861EEF0-7150-43DB-8E00-BC2C6DED8CFA}.Release|x64.Build.0 = Release|x64
		{A861EEF0-7150-43DB-8E00-BC2C6DED8CFA}.Release|x64.Deploy.0 = Release|x64
		{A861EEF0-7150-43DB-8E00-BC2C6DED8CFA}.Release|x86.ActiveCfg = Release|x64
		{09A812D7-E1FF-4F1C-81DC-448F8E2851AD}.Debug|Any CPU.ActiveCfg = Debug|x64
		{09A812D7-E1FF-4F1C-81DC-448F8E2851AD}.Debug|ARM.ActiveCfg = Debug|x64
		{09A812D7-E1FF-4F1C-81DC-448F8E2851AD}.Debug|ARM64.ActiveCfg = Debug|x64
		{09A812D7-E1FF-4F1C-81DC-448F8E2851AD}.Debug|ARM64.Build.0 = Debug|x64
		{09A812D7-E1FF-4F1C-81DC-448F8E2851AD}.Debug|ARM64.Deploy.0 = Debug|x64
		{09A812D7-E1FF-4F1C-81DC-448F8E2851AD}.Debug|x64.ActiveCfg = Debug|x64
		{09A812D7-E1FF-4F1C-81DC-448F8E2851AD}.Debug|x64.Build.0 = Debug|x64
		{09A812D7-E1FF-4F1C-81DC-448F8E2851AD}.Debug|x64.Deploy.0 = Debug|x64
		{09A812D7-E1FF-4F1C-81DC-448F8E2851AD}.Debug|x86.ActiveCfg = Debug|x64
		{09A812D7-E1FF-4F1C-81DC-448F8E2851AD}.Release|Any CPU.ActiveCfg = Release|x64
		{09A812D7-E1FF-4F1C-81DC-448F8E2851AD}.Release|ARM.ActiveCfg = Release|x64
		{09A812D7-E1FF-4F1C-81DC-448F8E2851AD}.Release|ARM64.ActiveCfg = Release|ARM64
		{09A812D7-E1FF-4F1C-81DC-448F8E2851AD}.Release|ARM64.Build.0 = Release|ARM64
		{09A812D7-E1FF-4F1C-81DC-448F8E2851AD}.Release|ARM64.Deploy.0 = Release|ARM64
		{09A812D7-E1FF-4F1C-81DC-448F8E2851AD}.Release|x64.ActiveCfg = Release|x64
		{09A812D7-E1FF-4F1C-81DC-448F8E2851AD}.Release|x64.Build.0 = Release|x64
		{09A812D7-E1FF-4F1C-81DC-448F8E2851AD}.Release|x64.Deploy.0 = Release|x64
		{09A812D7-E1FF-4F1C-81DC-448F8E2851AD}.Release|x86.ActiveCfg = Release|x64
		{E0D2CA90-31E4-4C34-A48F-E2FC96529756}.Debug|Any CPU.ActiveCfg = Debug|Any CPU
		{E0D2CA90-31E4-4C34-A48F-E2FC96529756}.Debug|Any CPU.Build.0 = Debug|Any CPU
		{E0D2CA90-31E4-4C34-A48F-E2FC96529756}.Debug|ARM.ActiveCfg = Debug|Any CPU
		{E0D2CA90-31E4-4C34-A48F-E2FC96529756}.Debug|ARM.Build.0 = Debug|Any CPU
		{E0D2CA90-31E4-4C34-A48F-E2FC96529756}.Debug|ARM64.ActiveCfg = Debug|Any CPU
		{E0D2CA90-31E4-4C34-A48F-E2FC96529756}.Debug|ARM64.Build.0 = Debug|Any CPU
		{E0D2CA90-31E4-4C34-A48F-E2FC96529756}.Debug|x64.ActiveCfg = Debug|Any CPU
		{E0D2CA90-31E4-4C34-A48F-E2FC96529756}.Debug|x64.Build.0 = Debug|Any CPU
		{E0D2CA90-31E4-4C34-A48F-E2FC96529756}.Debug|x86.ActiveCfg = Debug|Any CPU
		{E0D2CA90-31E4-4C34-A48F-E2FC96529756}.Debug|x86.Build.0 = Debug|Any CPU
		{E0D2CA90-31E4-4C34-A48F-E2FC96529756}.Release|Any CPU.ActiveCfg = Release|Any CPU
		{E0D2CA90-31E4-4C34-A48F-E2FC96529756}.Release|Any CPU.Build.0 = Release|Any CPU
		{E0D2CA90-31E4-4C34-A48F-E2FC96529756}.Release|ARM.ActiveCfg = Release|Any CPU
		{E0D2CA90-31E4-4C34-A48F-E2FC96529756}.Release|ARM.Build.0 = Release|Any CPU
		{E0D2CA90-31E4-4C34-A48F-E2FC96529756}.Release|ARM64.ActiveCfg = Release|Any CPU
		{E0D2CA90-31E4-4C34-A48F-E2FC96529756}.Release|ARM64.Build.0 = Release|Any CPU
		{E0D2CA90-31E4-4C34-A48F-E2FC96529756}.Release|x64.ActiveCfg = Release|Any CPU
		{E0D2CA90-31E4-4C34-A48F-E2FC96529756}.Release|x64.Build.0 = Release|Any CPU
		{E0D2CA90-31E4-4C34-A48F-E2FC96529756}.Release|x86.ActiveCfg = Release|Any CPU
		{E0D2CA90-31E4-4C34-A48F-E2FC96529756}.Release|x86.Build.0 = Release|Any CPU
		{9284A1CD-4489-48D5-AA10-C9C5B0359592}.Debug|Any CPU.ActiveCfg = Debug|Any CPU
		{9284A1CD-4489-48D5-AA10-C9C5B0359592}.Debug|Any CPU.Build.0 = Debug|Any CPU
		{9284A1CD-4489-48D5-AA10-C9C5B0359592}.Debug|ARM.ActiveCfg = Debug|Any CPU
		{9284A1CD-4489-48D5-AA10-C9C5B0359592}.Debug|ARM.Build.0 = Debug|Any CPU
		{9284A1CD-4489-48D5-AA10-C9C5B0359592}.Debug|ARM64.ActiveCfg = Debug|Any CPU
		{9284A1CD-4489-48D5-AA10-C9C5B0359592}.Debug|ARM64.Build.0 = Debug|Any CPU
		{9284A1CD-4489-48D5-AA10-C9C5B0359592}.Debug|x64.ActiveCfg = Debug|Any CPU
		{9284A1CD-4489-48D5-AA10-C9C5B0359592}.Debug|x64.Build.0 = Debug|Any CPU
		{9284A1CD-4489-48D5-AA10-C9C5B0359592}.Debug|x86.ActiveCfg = Debug|Any CPU
		{9284A1CD-4489-48D5-AA10-C9C5B0359592}.Debug|x86.Build.0 = Debug|Any CPU
		{9284A1CD-4489-48D5-AA10-C9C5B0359592}.Release|Any CPU.ActiveCfg = Release|Any CPU
		{9284A1CD-4489-48D5-AA10-C9C5B0359592}.Release|Any CPU.Build.0 = Release|Any CPU
		{9284A1CD-4489-48D5-AA10-C9C5B0359592}.Release|ARM.ActiveCfg = Release|Any CPU
		{9284A1CD-4489-48D5-AA10-C9C5B0359592}.Release|ARM.Build.0 = Release|Any CPU
		{9284A1CD-4489-48D5-AA10-C9C5B0359592}.Release|ARM64.ActiveCfg = Release|Any CPU
		{9284A1CD-4489-48D5-AA10-C9C5B0359592}.Release|ARM64.Build.0 = Release|Any CPU
		{9284A1CD-4489-48D5-AA10-C9C5B0359592}.Release|x64.ActiveCfg = Release|Any CPU
		{9284A1CD-4489-48D5-AA10-C9C5B0359592}.Release|x64.Build.0 = Release|Any CPU
		{9284A1CD-4489-48D5-AA10-C9C5B0359592}.Release|x86.ActiveCfg = Release|Any CPU
		{9284A1CD-4489-48D5-AA10-C9C5B0359592}.Release|x86.Build.0 = Release|Any CPU
		{8262FFEF-F86F-45CE-89F6-EA658A097920}.Debug|Any CPU.ActiveCfg = Debug|x64
		{8262FFEF-F86F-45CE-89F6-EA658A097920}.Debug|ARM.ActiveCfg = Debug|x64
		{8262FFEF-F86F-45CE-89F6-EA658A097920}.Debug|ARM64.ActiveCfg = Debug|arm64
		{8262FFEF-F86F-45CE-89F6-EA658A097920}.Debug|ARM64.Build.0 = Debug|arm64
		{8262FFEF-F86F-45CE-89F6-EA658A097920}.Debug|x64.ActiveCfg = Debug|x64
		{8262FFEF-F86F-45CE-89F6-EA658A097920}.Debug|x64.Build.0 = Debug|x64
		{8262FFEF-F86F-45CE-89F6-EA658A097920}.Debug|x86.ActiveCfg = Debug|x64
		{8262FFEF-F86F-45CE-89F6-EA658A097920}.Release|Any CPU.ActiveCfg = Release|x64
		{8262FFEF-F86F-45CE-89F6-EA658A097920}.Release|ARM.ActiveCfg = Release|x64
		{8262FFEF-F86F-45CE-89F6-EA658A097920}.Release|ARM64.ActiveCfg = Release|arm64
		{8262FFEF-F86F-45CE-89F6-EA658A097920}.Release|ARM64.Build.0 = Release|arm64
		{8262FFEF-F86F-45CE-89F6-EA658A097920}.Release|x64.ActiveCfg = Release|x64
		{8262FFEF-F86F-45CE-89F6-EA658A097920}.Release|x64.Build.0 = Release|x64
		{8262FFEF-F86F-45CE-89F6-EA658A097920}.Release|x86.ActiveCfg = Release|x64
		{64F102C8-80D9-4DF2-B88C-92EBDACDF232}.Debug|Any CPU.ActiveCfg = Debug|Any CPU
		{64F102C8-80D9-4DF2-B88C-92EBDACDF232}.Debug|Any CPU.Build.0 = Debug|Any CPU
		{64F102C8-80D9-4DF2-B88C-92EBDACDF232}.Debug|ARM.ActiveCfg = Debug|Any CPU
		{64F102C8-80D9-4DF2-B88C-92EBDACDF232}.Debug|ARM.Build.0 = Debug|Any CPU
		{64F102C8-80D9-4DF2-B88C-92EBDACDF232}.Debug|ARM64.ActiveCfg = Debug|Any CPU
		{64F102C8-80D9-4DF2-B88C-92EBDACDF232}.Debug|ARM64.Build.0 = Debug|Any CPU
		{64F102C8-80D9-4DF2-B88C-92EBDACDF232}.Debug|x64.ActiveCfg = Debug|Any CPU
		{64F102C8-80D9-4DF2-B88C-92EBDACDF232}.Debug|x64.Build.0 = Debug|Any CPU
		{64F102C8-80D9-4DF2-B88C-92EBDACDF232}.Debug|x86.ActiveCfg = Debug|Any CPU
		{64F102C8-80D9-4DF2-B88C-92EBDACDF232}.Debug|x86.Build.0 = Debug|Any CPU
		{64F102C8-80D9-4DF2-B88C-92EBDACDF232}.Release|Any CPU.ActiveCfg = Release|Any CPU
		{64F102C8-80D9-4DF2-B88C-92EBDACDF232}.Release|Any CPU.Build.0 = Release|Any CPU
		{64F102C8-80D9-4DF2-B88C-92EBDACDF232}.Release|ARM.ActiveCfg = Release|Any CPU
		{64F102C8-80D9-4DF2-B88C-92EBDACDF232}.Release|ARM.Build.0 = Release|Any CPU
		{64F102C8-80D9-4DF2-B88C-92EBDACDF232}.Release|ARM64.ActiveCfg = Release|Any CPU
		{64F102C8-80D9-4DF2-B88C-92EBDACDF232}.Release|ARM64.Build.0 = Release|Any CPU
		{64F102C8-80D9-4DF2-B88C-92EBDACDF232}.Release|x64.ActiveCfg = Release|Any CPU
		{64F102C8-80D9-4DF2-B88C-92EBDACDF232}.Release|x64.Build.0 = Release|Any CPU
		{64F102C8-80D9-4DF2-B88C-92EBDACDF232}.Release|x86.ActiveCfg = Release|Any CPU
		{64F102C8-80D9-4DF2-B88C-92EBDACDF232}.Release|x86.Build.0 = Release|Any CPU
		{E46256A8-1471-4952-A2EC-A3D181F72F71}.Debug|Any CPU.ActiveCfg = Debug|Win32
		{E46256A8-1471-4952-A2EC-A3D181F72F71}.Debug|ARM.ActiveCfg = Debug|ARM
		{E46256A8-1471-4952-A2EC-A3D181F72F71}.Debug|ARM.Build.0 = Debug|ARM
		{E46256A8-1471-4952-A2EC-A3D181F72F71}.Debug|ARM.Deploy.0 = Debug|ARM
		{E46256A8-1471-4952-A2EC-A3D181F72F71}.Debug|ARM64.ActiveCfg = Debug|ARM64
		{E46256A8-1471-4952-A2EC-A3D181F72F71}.Debug|ARM64.Build.0 = Debug|ARM64
		{E46256A8-1471-4952-A2EC-A3D181F72F71}.Debug|ARM64.Deploy.0 = Debug|ARM64
		{E46256A8-1471-4952-A2EC-A3D181F72F71}.Debug|x64.ActiveCfg = Debug|x64
		{E46256A8-1471-4952-A2EC-A3D181F72F71}.Debug|x64.Build.0 = Debug|x64
		{E46256A8-1471-4952-A2EC-A3D181F72F71}.Debug|x64.Deploy.0 = Debug|x64
		{E46256A8-1471-4952-A2EC-A3D181F72F71}.Debug|x86.ActiveCfg = Debug|Win32
		{E46256A8-1471-4952-A2EC-A3D181F72F71}.Debug|x86.Build.0 = Debug|Win32
		{E46256A8-1471-4952-A2EC-A3D181F72F71}.Debug|x86.Deploy.0 = Debug|Win32
		{E46256A8-1471-4952-A2EC-A3D181F72F71}.Release|Any CPU.ActiveCfg = Release|Win32
		{E46256A8-1471-4952-A2EC-A3D181F72F71}.Release|ARM.ActiveCfg = Release|ARM
		{E46256A8-1471-4952-A2EC-A3D181F72F71}.Release|ARM.Build.0 = Release|ARM
		{E46256A8-1471-4952-A2EC-A3D181F72F71}.Release|ARM.Deploy.0 = Release|ARM
		{E46256A8-1471-4952-A2EC-A3D181F72F71}.Release|ARM64.ActiveCfg = Release|ARM64
		{E46256A8-1471-4952-A2EC-A3D181F72F71}.Release|ARM64.Build.0 = Release|ARM64
		{E46256A8-1471-4952-A2EC-A3D181F72F71}.Release|ARM64.Deploy.0 = Release|ARM64
		{E46256A8-1471-4952-A2EC-A3D181F72F71}.Release|x64.ActiveCfg = Release|x64
		{E46256A8-1471-4952-A2EC-A3D181F72F71}.Release|x64.Build.0 = Release|x64
		{E46256A8-1471-4952-A2EC-A3D181F72F71}.Release|x64.Deploy.0 = Release|x64
		{E46256A8-1471-4952-A2EC-A3D181F72F71}.Release|x86.ActiveCfg = Release|Win32
		{E46256A8-1471-4952-A2EC-A3D181F72F71}.Release|x86.Build.0 = Release|Win32
		{E46256A8-1471-4952-A2EC-A3D181F72F71}.Release|x86.Deploy.0 = Release|Win32
	EndGlobalSection
	GlobalSection(SolutionProperties) = preSolution
		HideSolutionNode = FALSE
	EndGlobalSection
	GlobalSection(NestedProjects) = preSolution
		{C84743DA-43DE-4E2F-9E99-6E7B773DEB0B} = {88164C45-5AAB-4B8E-8FDB-733452B3357B}
		{17F03CB4-DF0A-461B-92F5-08DD1E24ECF9} = {B02DBA81-5976-406E-867F-788855C41B7E}
		{B22803EE-C4B6-4F9A-B31B-8FD896BD6EB9} = {FFEAF3FF-23D8-49C4-B8D8-D5A6502AD03B}
		{603A7DD6-9184-48EF-AC84-356184FFFDB0} = {FFEAF3FF-23D8-49C4-B8D8-D5A6502AD03B}
		{D7D94746-C7FE-4B8F-B55F-FF215E6C79C6} = {B02DBA81-5976-406E-867F-788855C41B7E}
		{C7D1E094-6322-49FC-9C65-D9BA8F23DE89} = {B02DBA81-5976-406E-867F-788855C41B7E}
		{0D69872A-BCFB-4DFF-A159-19BB49CE4041} = {C84743DA-43DE-4E2F-9E99-6E7B773DEB0B}
		{84CFC629-4F5C-4A03-AE72-4F0D51F076FC} = {36B3794C-08CE-462B-8B85-525CF6DC429D}
		{4C409A10-B9D8-4F21-93CA-68114A4B02B9} = {B02DBA81-5976-406E-867F-788855C41B7E}
		{D42D0FD0-294E-45B2-A6C0-64011C9EC5B5} = {03C22755-74A3-42A3-9FB2-70FB2946EE73}
		{E1F8EA7C-FF5E-4D63-8F9E-CC063542A8A1} = {36B3794C-08CE-462B-8B85-525CF6DC429D}
		{AFCC9DC2-6EE2-4339-AFAA-A6EB17C390CC} = {88164C45-5AAB-4B8E-8FDB-733452B3357B}
		{CDCB41CA-2B81-4CB2-9FDD-CD4EA972233C} = {36B3794C-08CE-462B-8B85-525CF6DC429D}
		{F417B05C-5F81-4DAC-9744-13E930A6A346} = {FFEAF3FF-23D8-49C4-B8D8-D5A6502AD03B}
		{A861EEF0-7150-43DB-8E00-BC2C6DED8CFA} = {FFEAF3FF-23D8-49C4-B8D8-D5A6502AD03B}
		{09A812D7-E1FF-4F1C-81DC-448F8E2851AD} = {88164C45-5AAB-4B8E-8FDB-733452B3357B}
		{E0D2CA90-31E4-4C34-A48F-E2FC96529756} = {88164C45-5AAB-4B8E-8FDB-733452B3357B}
		{9284A1CD-4489-48D5-AA10-C9C5B0359592} = {36B3794C-08CE-462B-8B85-525CF6DC429D}
		{8262FFEF-F86F-45CE-89F6-EA658A097920} = {B02DBA81-5976-406E-867F-788855C41B7E}
		{64F102C8-80D9-4DF2-B88C-92EBDACDF232} = {88164C45-5AAB-4B8E-8FDB-733452B3357B}
		{E46256A8-1471-4952-A2EC-A3D181F72F71} = {FFEAF3FF-23D8-49C4-B8D8-D5A6502AD03B}
	EndGlobalSection
	GlobalSection(ExtensibilityGlobals) = postSolution
		SolutionGuid = {F40164DD-B18E-46ED-81C0-C88E68C2FAE4}
	EndGlobalSection
EndGlobal
